
Microsoft Visual Studio Solution File, Format Version 12.00
# Visual Studio Version 16
VisualStudioVersion = 25.0.1700.7
MinimumVisualStudioVersion = 10.0.40219.1
Project("{FAE04EC0-301F-11D3-BF4B-00C04F79EFBC}") = "CrimeReport", "CrimeReport\CrimeReport.csproj", "{67F6DE0B-0EE3-418C-B62F-E8E333422C61}"
EndProject
Global
	GlobalSection(SolutionConfigurationPlatforms) = preSolution
		Debug|Any CPU = Debug|Any CPU
		Release|Any CPU = Release|Any CPU
	EndGlobalSection
	GlobalSection(ProjectConfigurationPlatforms) = postSolution
		{67F6DE0B-0EE3-418C-B62F-E8E333422C61}.Debug|Any CPU.ActiveCfg = Debug|Any CPU
		{67F6DE0B-0EE3-418C-B62F-E8E333422C61}.Debug|Any CPU.Build.0 = Debug|Any CPU
		{67F6DE0B-0EE3-418C-B62F-E8E333422C61}.Release|Any CPU.ActiveCfg = Release|Any CPU
		{67F6DE0B-0EE3-418C-B62F-E8E333422C61}.Release|Any CPU.Build.0 = Release|Any CPU
	EndGlobalSection
	GlobalSection(SolutionProperties) = preSolution
		HideSolutionNode = FALSE
	EndGlobalSection
	GlobalSection(ExtensibilityGlobals) = postSolution
		SolutionGuid = {98A60D05-2F2E-4E89-923F-AC7999492A41}
	EndGlobalSection
EndGlobal
